<?xml version="1.0" encoding="utf-8"?>
<Project ToolsVersion="4.0" xmlns="http://schemas.microsoft.com/developer/msbuild/2003">
  <ItemGroup>
    <Filter Include="Source Files">
      <UniqueIdentifier>{4FC737F1-C7A5-4376-A066-2A32D752A2FF}</UniqueIdentifier>
      <Extensions>cpp;c;cc;cxx;c++;cppm;ixx;def;odl;idl;hpj;bat;asm;asmx</Extensions>
    </Filter>
    <Filter Include="Headers">
      <UniqueIdentifier>{686005c2-1f3e-4a9b-95f5-d7cbfce6dca6}</UniqueIdentifier>
    </Filter>
  </ItemGroup>
  <ItemGroup>
    <ClCompile Include="Le Avancierte CPP.cpp">
      <Filter>Source Files</Filter>
    </ClCompile>
    <ClCompile Include="Task1\VectorTest.cpp">
      <Filter>Source Files</Filter>
    </ClCompile>
    <ClCompile Include="Task1\VectBasicTest.cpp">
      <Filter>Source Files</Filter>
    </ClCompile>
    <ClCompile Include="Task1\VectIterTest.cpp">
      <Filter>Source Files</Filter>
    </ClCompile>
    <ClCompile Include="Task1\Test1.cpp">
      <Filter>Source Files</Filter>
    </ClCompile>
    <ClCompile Include="Task2\Test2.cpp">
      <Filter>Source Files</Filter>
    </ClCompile>
    <ClCompile Include="Task2\TestBasicPointer.cpp">
      <Filter>Source Files</Filter>
    </ClCompile>
    <ClCompile Include="Task2\TestSharedG.cpp">
      <Filter>Source Files</Filter>
    </ClCompile>
    <ClCompile Include="Task2\TestShWeakVG.cpp">
      <Filter>Source Files</Filter>
    </ClCompile>
    <ClCompile Include="DebugPrinting.cpp">
      <Filter>Source Files</Filter>
    </ClCompile>
    <ClCompile Include="Task3\Test3.cpp">
      <Filter>Source Files</Filter>
    </ClCompile>
  </ItemGroup>
  <ItemGroup>
    <ClInclude Include="Task1\Vector.hpp">
      <Filter>Headers</Filter>
    </ClInclude>
    <ClInclude Include="Task1\Dhelper.h">
      <Filter>Headers</Filter>
    </ClInclude>
    <ClInclude Include="Task1\TestLevel.h">
      <Filter>Headers</Filter>
    </ClInclude>
    <ClInclude Include="Task1\VectIterTest.h">
      <Filter>Headers</Filter>
    </ClInclude>
    <ClInclude Include="Task1\Iterator.hpp" />
    <ClInclude Include="Task2\TestLevel.h" />
    <ClInclude Include="Task.h" />
    <ClInclude Include="Task2\SharedPtr.hpp" />
    <ClInclude Include="Task2\WeakPtr.hpp" />
    <ClInclude Include="Task2\PointerCounter.hpp" />
    <ClInclude Include="DebugPrinting.h" />
    <ClInclude Include="Task3\ConstItProblem.hpp" />
    <ClInclude Include="Task3\Add.hpp" />
    <ClInclude Include="Task3\Ackermann.hpp" />
    <ClInclude Include="Task3\Simplify.hpp" />
    <ClInclude Include="Task3\RemoveAllConst.hpp" />
    <ClInclude Include="Task3\Sum.hpp" />
    <ClInclude Include="Task3\SFINAE.hpp" />
    <ClInclude Include="Task3\Citt.hpp" />
  </ItemGroup>
</Project>